{
  "name": "clean-contds",
  "lockfileVersion": 2,
  "requires": true,
  "packages": {
    "": {
      "devDependencies": {
        "install-plugin": "file:../install-plugin"
      }
    },
    "../install-plugin": {
      "version": "0.1.0",
      "dev": true,
      "bin": {
        "install-plugin": "index.js"
      }
    },
    "node_modules/install-plugin": {
      "resolved": "../install-plugin",
      "link": true
    }
  },
  "dependencies": {
    "install-plugin": {
      "version": "file:../install-plugin"
    }
  }
}
